
Microsoft Visual Studio Solution File, Format Version 12.00
# Visual Studio Version 17
VisualStudioVersion = 17.8.34408.163
MinimumVisualStudioVersion = 10.0.40219.1
Project("{9A19103F-16F7-4668-BE54-9A1E7A4F7556}") = "Sinhvien.tlu", "Sinhvien.tlu\Sinhvien.tlu.csproj", "{82AFD562-6AF5-4D9E-A64F-324DC6B3461C}"
EndProject
Project("{FAE04EC0-301F-11D3-BF4B-00C04F79EFBC}") = "Sinhvien.tlu_controlpanel", "Sinhvien.tlu_controlpanel\Sinhvien.tlu_controlpanel.csproj", "{933D6832-32D7-4FB7-AEDA-5BC153553930}"
EndProject
Global
	GlobalSection(SolutionConfigurationPlatforms) = preSolution
		Debug|Any CPU = Debug|Any CPU
		Release|Any CPU = Release|Any CPU
	EndGlobalSection
	GlobalSection(ProjectConfigurationPlatforms) = postSolution
		{82AFD562-6AF5-4D9E-A64F-324DC6B3461C}.Debug|Any CPU.ActiveCfg = Debug|Any CPU
		{82AFD562-6AF5-4D9E-A64F-324DC6B3461C}.Debug|Any CPU.Build.0 = Debug|Any CPU
		{82AFD562-6AF5-4D9E-A64F-324DC6B3461C}.Release|Any CPU.ActiveCfg = Release|Any CPU
		{82AFD562-6AF5-4D9E-A64F-324DC6B3461C}.Release|Any CPU.Build.0 = Release|Any CPU
		{933D6832-32D7-4FB7-AEDA-5BC153553930}.Debug|Any CPU.ActiveCfg = Debug|Any CPU
		{933D6832-32D7-4FB7-AEDA-5BC153553930}.Debug|Any CPU.Build.0 = Debug|Any CPU
		{933D6832-32D7-4FB7-AEDA-5BC153553930}.Release|Any CPU.ActiveCfg = Release|Any CPU
		{933D6832-32D7-4FB7-AEDA-5BC153553930}.Release|Any CPU.Build.0 = Release|Any CPU
	EndGlobalSection
	GlobalSection(SolutionProperties) = preSolution
		HideSolutionNode = FALSE
	EndGlobalSection
	GlobalSection(ExtensibilityGlobals) = postSolution
		SolutionGuid = {A144CB82-1AAF-42E8-BBBE-B6078CBB3A09}
	EndGlobalSection
EndGlobal
